github.com/go-telegram-bot-api/telegram-bot-api v4.6.5-0.20190904012038-b33efeebc785+incompatible h1:OT02onvXX618RBcjxeUA4H7d1PSm5Apg4IET72VgVlE=
github.com/go-telegram-bot-api/telegram-bot-api v4.6.5-0.20190904012038-b33efeebc785+incompatible/go.mod h1:qf9acutJ8cwBUhm1bqgz6Bei9/C/c93FPDljKWwsOgM=
github.com/technoweenie/multipartstreamer v1.0.1 h1:XRztA5MXiR1TIRHxH2uNxXxaIkKQDeX7m2XsSOlQEnM=
github.com/technoweenie/multipartstreamer v1.0.1/go.mod h1:jNVxdtShOxzAsukZwTSw6MDx5eUJoiEBsSvzDU9uzog=
